{
    "_readme": [
        "This file locks the dependencies of your project to a known state",
        "Read more about it at https://getcomposer.org/doc/01-basic-usage.md#composer-lock-the-lock-file",
        "This file is @generated automatically"
    ],
    "hash": "b6b08e20689f56d5dee4529ab5e65366",
    "content-hash": "62102acaef090c4e5d9d6aae497612a5",
    "packages": [
        {
            "name": "metowolf/meting",
            "version": "v1.5.7",
            "source": {
                "type": "git",
                "url": "https://github.com/metowolf/Meting.git",
                "reference": "54178aa112da5db09f487d862d7ae62cbf7bc060"
            },
            "dist": {
                "type": "zip",
                "url": "https://api.github.com/repos/metowolf/Meting/zipball/54178aa112da5db09f487d862d7ae62cbf7bc060",
                "reference": "54178aa112da5db09f487d862d7ae62cbf7bc060",
                "shasum": ""
            },
            "require": {
                "ext-curl": "*",
                "ext-openssl": "*",
                "php": ">=5.4.0"
            },
            "suggest": {
                "ext-bcmath": "Required to use BC Math calculate RSA.",
                "ext-openssl": "Required to use OpenSSL encrypt params."
            },
            "type": "library",
            "autoload": {
                "psr-4": {
                    "Metowolf\\": "src/"
                }
            },
            "notification-url": "https://packagist.org/downloads/",
            "license": [
                "MIT"
            ],
            "authors": [
                {
                    "name": "metowolf",
                    "email": "i@i-meto.com",
                    "homepage": "https://i-meto.com"
                }
            ],
            "description": "A powerful music API framework to accelerate development.",
            "homepage": "https://github.com/metowolf/Meting",
            "keywords": [
                "lightweight",
                "lighty",
                "music api",
                "php music"
            ],
            "time": "2019-06-16 05:55:00"
        },
        {
            "name": "workerman/channel",
            "version": "v1.0.5",
            "source": {
                "type": "git",
                "url": "https://github.com/walkor/Channel.git",
                "reference": "0836a9a413c6e8425ee36307d95e2e49cc380f50"
            },
            "dist": {
                "type": "zip",
                "url": "https://api.github.com/repos/walkor/Channel/zipball/0836a9a413c6e8425ee36307d95e2e49cc380f50",
                "reference": "0836a9a413c6e8425ee36307d95e2e49cc380f50",
                "shasum": ""
            },
            "require": {
                "workerman/workerman": ">=3.3.0"
            },
            "type": "library",
            "autoload": {
                "psr-4": {
                    "Channel\\": "./src"
                }
            },
            "notification-url": "https://packagist.org/downloads/",
            "license": [
                "MIT"
            ],
            "homepage": "http://www.workerman.net",
            "time": "2018-07-02 02:42:37"
        },
        {
            "name": "workerman/gateway-worker",
            "version": "v3.0.13",
            "source": {
                "type": "git",
                "url": "https://github.com/walkor/GatewayWorker.git",
                "reference": "38b44c95f21cd340b5a9cff3987ddb2abb9a2a38"
            },
            "dist": {
                "type": "zip",
                "url": "https://api.github.com/repos/walkor/GatewayWorker/zipball/38b44c95f21cd340b5a9cff3987ddb2abb9a2a38",
                "reference": "38b44c95f21cd340b5a9cff3987ddb2abb9a2a38",
                "shasum": ""
            },
            "require": {
                "workerman/workerman": ">=3.1.8"
            },
            "type": "library",
            "autoload": {
                "psr-4": {
                    "GatewayWorker\\": "./src"
                }
            },
            "notification-url": "https://packagist.org/downloads/",
            "license": [
                "MIT"
            ],
            "homepage": "http://www.workerman.net",
            "keywords": [
                "communication",
                "distributed"
            ],
            "time": "2019-07-02 11:55:24"
        },
        {
            "name": "workerman/mysql",
            "version": "v1.0.6",
            "source": {
                "type": "git",
                "url": "https://github.com/walkor/mysql.git",
                "reference": "28272aa68f9ea1a482f9bb0cf709d169f772d228"
            },
            "dist": {
                "type": "zip",
                "url": "https://api.github.com/repos/walkor/mysql/zipball/28272aa68f9ea1a482f9bb0cf709d169f772d228",
                "reference": "28272aa68f9ea1a482f9bb0cf709d169f772d228",
                "shasum": ""
            },
            "require": {
                "ext-pdo": "*",
                "ext-pdo_mysql": "*",
                "php": ">=5.3"
            },
            "type": "library",
            "autoload": {
                "psr-4": {
                    "Workerman\\MySQL\\": "./src"
                }
            },
            "notification-url": "https://packagist.org/downloads/",
            "license": [
                "MIT"
            ],
            "description": "Long-living MySQL connection for daemon.",
            "homepage": "http://www.workerman.net",
            "keywords": [
                "mysql",
                "pdo",
                "pdo_mysql"
            ],
            "time": "2019-08-02 10:43:09"
        },
        {
            "name": "workerman/phpsocket.io",
            "version": "v1.1.11",
            "source": {
                "type": "git",
                "url": "https://github.com/walkor/phpsocket.io.git",
                "reference": "a80074f20c2e19b8cb3351ff718ae28e7df6bbea"
            },
            "dist": {
                "type": "zip",
                "url": "https://api.github.com/repos/walkor/phpsocket.io/zipball/a80074f20c2e19b8cb3351ff718ae28e7df6bbea",
                "reference": "a80074f20c2e19b8cb3351ff718ae28e7df6bbea",
                "shasum": ""
            },
            "require": {
                "workerman/channel": ">=1.0.0",
                "workerman/workerman": ">=3.5.16"
            },
            "type": "library",
            "autoload": {
                "psr-4": {
                    "PHPSocketIO\\": "./src"
                }
            },
            "notification-url": "https://packagist.org/downloads/",
            "license": [
                "MIT"
            ],
            "homepage": "http://www.workerman.net",
            "keywords": [
                "Socket.io"
            ],
            "time": "2018-11-22 08:30:21"
        },
        {
            "name": "workerman/workerman",
            "version": "v3.5.19",
            "source": {
                "type": "git",
                "url": "https://github.com/walkor/Workerman.git",
                "reference": "4e5c24073b431fd950287efbfb5cc9b4c0fc7367"
            },
            "dist": {
                "type": "zip",
                "url": "https://api.github.com/repos/walkor/Workerman/zipball/4e5c24073b431fd950287efbfb5cc9b4c0fc7367",
                "reference": "4e5c24073b431fd950287efbfb5cc9b4c0fc7367",
                "shasum": ""
            },
            "require": {
                "php": ">=5.3"
            },
            "suggest": {
                "ext-event": "For better performance. "
            },
            "type": "library",
            "autoload": {
                "psr-4": {
                    "Workerman\\": "./"
                }
            },
            "notification-url": "https://packagist.org/downloads/",
            "license": [
                "MIT"
            ],
            "authors": [
                {
                    "name": "walkor",
                    "email": "walkor@workerman.net",
                    "homepage": "http://www.workerman.net",
                    "role": "Developer"
                }
            ],
            "description": "An asynchronous event driven PHP framework for easily building fast, scalable network applications.",
            "homepage": "http://www.workerman.net",
            "keywords": [
                "asynchronous",
                "event-loop"
            ],
            "time": "2019-04-05 10:35:31"
        }
    ],
    "packages-dev": [],
    "aliases": [],
    "minimum-stability": "stable",
    "stability-flags": [],
    "prefer-stable": false,
    "prefer-lowest": false,
    "platform": [],
    "platform-dev": []
}
